<?xml version="1.0" encoding="UTF-8"?>
<!DOCTYPE plist PUBLIC "-//Apple//DTD PLIST 1.0//EN" "http://www.apple.com/DTDs/PropertyList-1.0.dtd">
<plist version="1.0">
<dict>
	<key>archiveVersion</key>
	<string>1</string>
	<key>classes</key>
	<dict/>
	<key>objectVersion</key>
	<string>46</string>
	<key>objects</key>
	<dict>
		<key>1C7A4B0BC0DF49B99B8C76EA</key>
		<dict>
			<key>explicitFileType</key>
			<string>archive.ar</string>
			<key>includeInIndex</key>
			<string>0</string>
			<key>isa</key>
			<string>PBXFileReference</string>
			<key>path</key>
			<string>libPods-Wammer.a</string>
			<key>sourceTree</key>
			<string>BUILT_PRODUCTS_DIR</string>
		</dict>
		<key>31067AD0F440D4F69E0AB87C</key>
		<dict>
			<key>includeInIndex</key>
			<string>1</string>
			<key>isa</key>
			<string>PBXFileReference</string>
			<key>lastKnownFileType</key>
			<string>text.xcconfig</string>
			<key>name</key>
			<string>Pods-Wammer.release.xcconfig</string>
			<key>path</key>
			<string>Pods/Target Support Files/Pods-Wammer/Pods-Wammer.release.xcconfig</string>
			<key>sourceTree</key>
			<string>&lt;group&gt;</string>
		</dict>
		<key>467FC71BAAF549F982C8C4D0</key>
		<dict>
			<key>buildActionMask</key>
			<string>2147483647</string>
			<key>files</key>
			<array/>
			<key>inputPaths</key>
			<array/>
			<key>isa</key>
			<string>PBXShellScriptBuildPhase</string>
			<key>name</key>
			<string>Copy Pods Resources</string>
			<key>outputPaths</key>
			<array/>
			<key>runOnlyForDeploymentPostprocessing</key>
			<string>0</string>
			<key>shellPath</key>
			<string>/bin/sh</string>
			<key>shellScript</key>
			<string>"${SRCROOT}/Pods/Target Support Files/Pods-Wammer/Pods-Wammer-resources.sh"
</string>
			<key>showEnvVarsInLog</key>
			<string>0</string>
		</dict>
		<key>4C46318F18BBD732003B3500</key>
		<dict>
			<key>children</key>
			<array>
				<string>4CC2EAFC18BB032000F359F8</string>
				<string>4CC2EAFD18BB032000F359F8</string>
				<string>4CC2EAC218B9DC8700F359F8</string>
				<string>4CC2EAC318B9DC8700F359F8</string>
				<string>4CC2EAC518B9DD3F00F359F8</string>
				<string>4CC2EAC618B9DD3F00F359F8</string>
				<string>4CC2EADB18BA65C000F359F8</string>
				<string>4CC2EADC18BA65C000F359F8</string>
				<string>4CC2EADE18BA6F1900F359F8</string>
				<string>4CC2EADF18BA6F1900F359F8</string>
				<string>4C7A870718BD29AB00C2375D</string>
				<string>4C7A870818BD29AB00C2375D</string>
			</array>
			<key>isa</key>
			<string>PBXGroup</string>
			<key>name</key>
			<string>Controllers</string>
			<key>sourceTree</key>
			<string>&lt;group&gt;</string>
		</dict>
		<key>4C46319018BBD740003B3500</key>
		<dict>
			<key>children</key>
			<array>
				<string>4CC2EAED18BA98DF00F359F8</string>
				<string>4CC2EAEE18BA98DF00F359F8</string>
			</array>
			<key>isa</key>
			<string>PBXGroup</string>
			<key>name</key>
			<string>TableCells</string>
			<key>sourceTree</key>
			<string>&lt;group&gt;</string>
		</dict>
		<key>4C7A870718BD29AB00C2375D</key>
		<dict>
			<key>fileEncoding</key>
			<string>4</string>
			<key>isa</key>
			<string>PBXFileReference</string>
			<key>lastKnownFileType</key>
			<string>sourcecode.c.h</string>
			<key>path</key>
			<string>ApplicationTableViewController.h</string>
			<key>sourceTree</key>
			<string>&lt;group&gt;</string>
		</dict>
		<key>4C7A870818BD29AB00C2375D</key>
		<dict>
			<key>fileEncoding</key>
			<string>4</string>
			<key>isa</key>
			<string>PBXFileReference</string>
			<key>lastKnownFileType</key>
			<string>sourcecode.c.objc</string>
			<key>path</key>
			<string>ApplicationTableViewController.m</string>
			<key>sourceTree</key>
			<string>&lt;group&gt;</string>
		</dict>
		<key>4C7A870918BD29AB00C2375D</key>
		<dict>
			<key>fileRef</key>
			<string>4C7A870818BD29AB00C2375D</string>
			<key>isa</key>
			<string>PBXBuildFile</string>
		</dict>
		<key>4C8F4E8719AFC03A00328882</key>
		<dict>
			<key>fileEncoding</key>
			<string>4</string>
			<key>isa</key>
			<string>PBXFileReference</string>
			<key>lastKnownFileType</key>
			<string>text</string>
			<key>path</key>
			<string>Podfile</string>
			<key>sourceTree</key>
			<string>SOURCE_ROOT</string>
			<key>xcLanguageSpecificationIdentifier</key>
			<string>xcode.lang.ruby</string>
		</dict>
		<key>4C8F4E8819AFC03A00328882</key>
		<dict>
			<key>fileRef</key>
			<string>4C8F4E8719AFC03A00328882</string>
			<key>isa</key>
			<string>PBXBuildFile</string>
		</dict>
		<key>4CC2EAC218B9DC8700F359F8</key>
		<dict>
			<key>fileEncoding</key>
			<string>4</string>
			<key>isa</key>
			<string>PBXFileReference</string>
			<key>lastKnownFileType</key>
			<string>sourcecode.c.h</string>
			<key>path</key>
			<string>MenuViewController.h</string>
			<key>sourceTree</key>
			<string>&lt;group&gt;</string>
		</dict>
		<key>4CC2EAC318B9DC8700F359F8</key>
		<dict>
			<key>fileEncoding</key>
			<string>4</string>
			<key>isa</key>
			<string>PBXFileReference</string>
			<key>lastKnownFileType</key>
			<string>sourcecode.c.objc</string>
			<key>path</key>
			<string>MenuViewController.m</string>
			<key>sourceTree</key>
			<string>&lt;group&gt;</string>
		</dict>
		<key>4CC2EAC418B9DC8700F359F8</key>
		<dict>
			<key>fileRef</key>
			<string>4CC2EAC318B9DC8700F359F8</string>
			<key>isa</key>
			<string>PBXBuildFile</string>
		</dict>
		<key>4CC2EAC518B9DD3F00F359F8</key>
		<dict>
			<key>fileEncoding</key>
			<string>4</string>
			<key>isa</key>
			<string>PBXFileReference</string>
			<key>lastKnownFileType</key>
			<string>sourcecode.c.h</string>
			<key>path</key>
			<string>MyFeedViewController.h</string>
			<key>sourceTree</key>
			<string>&lt;group&gt;</string>
		</dict>
		<key>4CC2EAC618B9DD3F00F359F8</key>
		<dict>
			<key>fileEncoding</key>
			<string>4</string>
			<key>isa</key>
			<string>PBXFileReference</string>
			<key>lastKnownFileType</key>
			<string>sourcecode.c.objc</string>
			<key>path</key>
			<string>MyFeedViewController.m</string>
			<key>sourceTree</key>
			<string>&lt;group&gt;</string>
		</dict>
		<key>4CC2EAC718B9DD3F00F359F8</key>
		<dict>
			<key>fileRef</key>
			<string>4CC2EAC618B9DD3F00F359F8</string>
			<key>isa</key>
			<string>PBXBuildFile</string>
		</dict>
		<key>4CC2EAC818B9E0B000F359F8</key>
		<dict>
			<key>children</key>
			<array>
				<string>4CDCAFC818B9A44400C379E9</string>
				<string>4CC2EB0518BBBC8E00F359F8</string>
				<string>4CC2EAFF18BBAC4800F359F8</string>
				<string>4CC2EB0018BBAC4800F359F8</string>
				<string>4CC2EB0118BBAC4800F359F8</string>
				<string>4CC2EAF018BA99A200F359F8</string>
				<string>4CC2EAF118BA99A200F359F8</string>
				<string>4CC2EAF218BA99A200F359F8</string>
				<string>4CC2EAC918B9E0B000F359F8</string>
				<string>4CC2EACA18B9E0B000F359F8</string>
				<string>4CC2EACB18B9E0B000F359F8</string>
				<string>4CC2EACC18B9E0B000F359F8</string>
				<string>4CC2EACD18B9E0B000F359F8</string>
				<string>4CC2EACE18B9E0B000F359F8</string>
				<string>4CC2EACF18B9E0B000F359F8</string>
				<string>4CC2EAD018B9E0B000F359F8</string>
				<string>4CC2EAD118B9E0B000F359F8</string>
			</array>
			<key>isa</key>
			<string>PBXGroup</string>
			<key>path</key>
			<string>Assets</string>
			<key>sourceTree</key>
			<string>&lt;group&gt;</string>
		</dict>
		<key>4CC2EAC918B9E0B000F359F8</key>
		<dict>
			<key>isa</key>
			<string>PBXFileReference</string>
			<key>lastKnownFileType</key>
			<string>image.png</string>
			<key>path</key>
			<string>compose.png</string>
			<key>sourceTree</key>
			<string>&lt;group&gt;</string>
		</dict>
		<key>4CC2EACA18B9E0B000F359F8</key>
		<dict>
			<key>isa</key>
			<string>PBXFileReference</string>
			<key>lastKnownFileType</key>
			<string>image.png</string>
			<key>path</key>
			<string>groups.png</string>
			<key>sourceTree</key>
			<string>&lt;group&gt;</string>
		</dict>
		<key>4CC2EACB18B9E0B000F359F8</key>
		<dict>
			<key>isa</key>
			<string>PBXFileReference</string>
			<key>lastKnownFileType</key>
			<string>image.png</string>
			<key>path</key>
			<string>home.png</string>
			<key>sourceTree</key>
			<string>&lt;group&gt;</string>
		</dict>
		<key>4CC2EACC18B9E0B000F359F8</key>
		<dict>
			<key>isa</key>
			<string>PBXFileReference</string>
			<key>lastKnownFileType</key>
			<string>image.png</string>
			<key>path</key>
			<string>inbox.png</string>
			<key>sourceTree</key>
			<string>&lt;group&gt;</string>
		</dict>
		<key>4CC2EACD18B9E0B000F359F8</key>
		<dict>
			<key>isa</key>
			<string>PBXFileReference</string>
			<key>lastKnownFileType</key>
			<string>image.png</string>
			<key>path</key>
			<string>like.png</string>
			<key>sourceTree</key>
			<string>&lt;group&gt;</string>
		</dict>
		<key>4CC2EACE18B9E0B000F359F8</key>
		<dict>
			<key>isa</key>
			<string>PBXFileReference</string>
			<key>lastKnownFileType</key>
			<string>image.png</string>
			<key>path</key>
			<string>more.png</string>
			<key>sourceTree</key>
			<string>&lt;group&gt;</string>
		</dict>
		<key>4CC2EACF18B9E0B000F359F8</key>
		<dict>
			<key>isa</key>
			<string>PBXFileReference</string>
			<key>lastKnownFileType</key>
			<string>image.png</string>
			<key>path</key>
			<string>notifications.png</string>
			<key>sourceTree</key>
			<string>&lt;group&gt;</string>
		</dict>
		<key>4CC2EAD018B9E0B000F359F8</key>
		<dict>
			<key>isa</key>
			<string>PBXFileReference</string>
			<key>lastKnownFileType</key>
			<string>image.png</string>
			<key>path</key>
			<string>reply.png</string>
			<key>sourceTree</key>
			<string>&lt;group&gt;</string>
		</dict>
		<key>4CC2EAD118B9E0B000F359F8</key>
		<dict>
			<key>isa</key>
			<string>PBXFileReference</string>
			<key>lastKnownFileType</key>
			<string>image.png</string>
			<key>path</key>
			<string>wammer-logo.png</string>
			<key>sourceTree</key>
			<string>&lt;group&gt;</string>
		</dict>
		<key>4CC2EAD218B9E0B000F359F8</key>
		<dict>
			<key>fileRef</key>
			<string>4CC2EAC918B9E0B000F359F8</string>
			<key>isa</key>
			<string>PBXBuildFile</string>
		</dict>
		<key>4CC2EAD318B9E0B000F359F8</key>
		<dict>
			<key>fileRef</key>
			<string>4CC2EACA18B9E0B000F359F8</string>
			<key>isa</key>
			<string>PBXBuildFile</string>
		</dict>
		<key>4CC2EAD418B9E0B000F359F8</key>
		<dict>
			<key>fileRef</key>
			<string>4CC2EACB18B9E0B000F359F8</string>
			<key>isa</key>
			<string>PBXBuildFile</string>
		</dict>
		<key>4CC2EAD518B9E0B000F359F8</key>
		<dict>
			<key>fileRef</key>
			<string>4CC2EACC18B9E0B000F359F8</string>
			<key>isa</key>
			<string>PBXBuildFile</string>
		</dict>
		<key>4CC2EAD618B9E0B000F359F8</key>
		<dict>
			<key>fileRef</key>
			<string>4CC2EACD18B9E0B000F359F8</string>
			<key>isa</key>
			<string>PBXBuildFile</string>
		</dict>
		<key>4CC2EAD718B9E0B000F359F8</key>
		<dict>
			<key>fileRef</key>
			<string>4CC2EACE18B9E0B000F359F8</string>
			<key>isa</key>
			<string>PBXBuildFile</string>
		</dict>
		<key>4CC2EAD818B9E0B000F359F8</key>
		<dict>
			<key>fileRef</key>
			<string>4CC2EACF18B9E0B000F359F8</string>
			<key>isa</key>
			<string>PBXBuildFile</string>
		</dict>
		<key>4CC2EAD918B9E0B000F359F8</key>
		<dict>
			<key>fileRef</key>
			<string>4CC2EAD018B9E0B000F359F8</string>
			<key>isa</key>
			<string>PBXBuildFile</string>
		</dict>
		<key>4CC2EADA18B9E0B000F359F8</key>
		<dict>
			<key>fileRef</key>
			<string>4CC2EAD118B9E0B000F359F8</string>
			<key>isa</key>
			<string>PBXBuildFile</string>
		</dict>
		<key>4CC2EADB18BA65C000F359F8</key>
		<dict>
			<key>fileEncoding</key>
			<string>4</string>
			<key>isa</key>
			<string>PBXFileReference</string>
			<key>lastKnownFileType</key>
			<string>sourcecode.c.h</string>
			<key>path</key>
			<string>SettingsViewController.h</string>
			<key>sourceTree</key>
			<string>&lt;group&gt;</string>
		</dict>
		<key>4CC2EADC18BA65C000F359F8</key>
		<dict>
			<key>fileEncoding</key>
			<string>4</string>
			<key>isa</key>
			<string>PBXFileReference</string>
			<key>lastKnownFileType</key>
			<string>sourcecode.c.objc</string>
			<key>path</key>
			<string>SettingsViewController.m</string>
			<key>sourceTree</key>
			<string>&lt;group&gt;</string>
		</dict>
		<key>4CC2EADD18BA65C000F359F8</key>
		<dict>
			<key>fileRef</key>
			<string>4CC2EADC18BA65C000F359F8</string>
			<key>isa</key>
			<string>PBXBuildFile</string>
		</dict>
		<key>4CC2EADE18BA6F1900F359F8</key>
		<dict>
			<key>fileEncoding</key>
			<string>4</string>
			<key>isa</key>
			<string>PBXFileReference</string>
			<key>lastKnownFileType</key>
			<string>sourcecode.c.h</string>
			<key>path</key>
			<string>ApplicationViewController.h</string>
			<key>sourceTree</key>
			<string>&lt;group&gt;</string>
		</dict>
		<key>4CC2EADF18BA6F1900F359F8</key>
		<dict>
			<key>fileEncoding</key>
			<string>4</string>
			<key>isa</key>
			<string>PBXFileReference</string>
			<key>lastKnownFileType</key>
			<string>sourcecode.c.objc</string>
			<key>path</key>
			<string>ApplicationViewController.m</string>
			<key>sourceTree</key>
			<string>&lt;group&gt;</string>
		</dict>
		<key>4CC2EAE018BA6F1900F359F8</key>
		<dict>
			<key>fileRef</key>
			<string>4CC2EADF18BA6F1900F359F8</string>
			<key>isa</key>
			<string>PBXBuildFile</string>
		</dict>
		<key>4CC2EAED18BA98DF00F359F8</key>
		<dict>
			<key>fileEncoding</key>
			<string>4</string>
			<key>isa</key>
			<string>PBXFileReference</string>
			<key>lastKnownFileType</key>
			<string>sourcecode.c.h</string>
			<key>path</key>
			<string>FeedTableViewCell.h</string>
			<key>sourceTree</key>
			<string>&lt;group&gt;</string>
		</dict>
		<key>4CC2EAEE18BA98DF00F359F8</key>
		<dict>
			<key>fileEncoding</key>
			<string>4</string>
			<key>isa</key>
			<string>PBXFileReference</string>
			<key>lastKnownFileType</key>
			<string>sourcecode.c.objc</string>
			<key>path</key>
			<string>FeedTableViewCell.m</string>
			<key>sourceTree</key>
			<string>&lt;group&gt;</string>
		</dict>
		<key>4CC2EAEF18BA98DF00F359F8</key>
		<dict>
			<key>fileRef</key>
			<string>4CC2EAEE18BA98DF00F359F8</string>
			<key>isa</key>
			<string>PBXBuildFile</string>
		</dict>
		<key>4CC2EAF018BA99A200F359F8</key>
		<dict>
			<key>isa</key>
			<string>PBXFileReference</string>
			<key>lastKnownFileType</key>
			<string>image.png</string>
			<key>path</key>
			<string>George.png</string>
			<key>sourceTree</key>
			<string>&lt;group&gt;</string>
		</dict>
		<key>4CC2EAF118BA99A200F359F8</key>
		<dict>
			<key>isa</key>
			<string>PBXFileReference</string>
			<key>lastKnownFileType</key>
			<string>image.jpeg</string>
			<key>path</key>
			<string>Ian.jpeg</string>
			<key>sourceTree</key>
			<string>&lt;group&gt;</string>
		</dict>
		<key>4CC2EAF218BA99A200F359F8</key>
		<dict>
			<key>isa</key>
			<string>PBXFileReference</string>
			<key>lastKnownFileType</key>
			<string>image.jpeg</string>
			<key>path</key>
			<string>Michael.jpeg</string>
			<key>sourceTree</key>
			<string>&lt;group&gt;</string>
		</dict>
		<key>4CC2EAF318BA99A200F359F8</key>
		<dict>
			<key>fileRef</key>
			<string>4CC2EAF018BA99A200F359F8</string>
			<key>isa</key>
			<string>PBXBuildFile</string>
		</dict>
		<key>4CC2EAF418BA99A200F359F8</key>
		<dict>
			<key>fileRef</key>
			<string>4CC2EAF118BA99A200F359F8</string>
			<key>isa</key>
			<string>PBXBuildFile</string>
		</dict>
		<key>4CC2EAF518BA99A200F359F8</key>
		<dict>
			<key>fileRef</key>
			<string>4CC2EAF218BA99A200F359F8</string>
			<key>isa</key>
			<string>PBXBuildFile</string>
		</dict>
		<key>4CC2EAFC18BB032000F359F8</key>
		<dict>
			<key>fileEncoding</key>
			<string>4</string>
			<key>isa</key>
			<string>PBXFileReference</string>
			<key>lastKnownFileType</key>
			<string>sourcecode.c.h</string>
			<key>path</key>
			<string>NewsfeedViewController.h</string>
			<key>sourceTree</key>
			<string>&lt;group&gt;</string>
		</dict>
		<key>4CC2EAFD18BB032000F359F8</key>
		<dict>
			<key>fileEncoding</key>
			<string>4</string>
			<key>isa</key>
			<string>PBXFileReference</string>
			<key>lastKnownFileType</key>
			<string>sourcecode.c.objc</string>
			<key>path</key>
			<string>NewsfeedViewController.m</string>
			<key>sourceTree</key>
			<string>&lt;group&gt;</string>
		</dict>
		<key>4CC2EAFE18BB032000F359F8</key>
		<dict>
			<key>fileRef</key>
			<string>4CC2EAFD18BB032000F359F8</string>
			<key>isa</key>
			<string>PBXBuildFile</string>
		</dict>
		<key>4CC2EAFF18BBAC4800F359F8</key>
		<dict>
			<key>isa</key>
			<string>PBXFileReference</string>
			<key>lastKnownFileType</key>
			<string>image.png</string>
			<key>path</key>
			<string>Icon-40@2x.png</string>
			<key>sourceTree</key>
			<string>&lt;group&gt;</string>
		</dict>
		<key>4CC2EB0018BBAC4800F359F8</key>
		<dict>
			<key>isa</key>
			<string>PBXFileReference</string>
			<key>lastKnownFileType</key>
			<string>image.png</string>
			<key>path</key>
			<string>Icon-60@2x.png</string>
			<key>sourceTree</key>
			<string>&lt;group&gt;</string>
		</dict>
		<key>4CC2EB0118BBAC4800F359F8</key>
		<dict>
			<key>isa</key>
			<string>PBXFileReference</string>
			<key>lastKnownFileType</key>
			<string>image.png</string>
			<key>path</key>
			<string>Icon-Small@2x.png</string>
			<key>sourceTree</key>
			<string>&lt;group&gt;</string>
		</dict>
		<key>4CC2EB0218BBAC4800F359F8</key>
		<dict>
			<key>fileRef</key>
			<string>4CC2EAFF18BBAC4800F359F8</string>
			<key>isa</key>
			<string>PBXBuildFile</string>
		</dict>
		<key>4CC2EB0318BBAC4800F359F8</key>
		<dict>
			<key>fileRef</key>
			<string>4CC2EB0018BBAC4800F359F8</string>
			<key>isa</key>
			<string>PBXBuildFile</string>
		</dict>
		<key>4CC2EB0418BBAC4800F359F8</key>
		<dict>
			<key>fileRef</key>
			<string>4CC2EB0118BBAC4800F359F8</string>
			<key>isa</key>
			<string>PBXBuildFile</string>
		</dict>
		<key>4CC2EB0518BBBC8E00F359F8</key>
		<dict>
			<key>isa</key>
			<string>PBXFileReference</string>
			<key>lastKnownFileType</key>
			<string>image.png</string>
			<key>path</key>
			<string>Margaret.png</string>
			<key>sourceTree</key>
			<string>&lt;group&gt;</string>
		</dict>
		<key>4CC2EB0618BBBC8E00F359F8</key>
		<dict>
			<key>fileRef</key>
			<string>4CC2EB0518BBBC8E00F359F8</string>
			<key>isa</key>
			<string>PBXBuildFile</string>
		</dict>
		<key>4CDCAFA418B9A44400C379E9</key>
		<dict>
			<key>children</key>
			<array>
				<string>4CDCAFB618B9A44400C379E9</string>
				<string>4CDCAFD518B9A44400C379E9</string>
				<string>4CDCAFAF18B9A44400C379E9</string>
				<string>4CDCAFAE18B9A44400C379E9</string>
				<string>A3768FA2098A94A576D392C3</string>
			</array>
			<key>isa</key>
			<string>PBXGroup</string>
			<key>sourceTree</key>
			<string>&lt;group&gt;</string>
		</dict>
		<key>4CDCAFA518B9A44400C379E9</key>
		<dict>
			<key>attributes</key>
			<dict>
				<key>LastUpgradeCheck</key>
				<string>0510</string>
				<key>ORGANIZATIONNAME</key>
				<string>TmlHub Inc</string>
				<key>TargetAttributes</key>
				<dict>
					<key>4CDCAFCD18B9A44400C379E9</key>
					<dict>
						<key>TestTargetID</key>
						<string>4CDCAFAC18B9A44400C379E9</string>
					</dict>
				</dict>
			</dict>
			<key>buildConfigurationList</key>
			<string>4CDCAFA818B9A44400C379E9</string>
			<key>compatibilityVersion</key>
			<string>Xcode 3.2</string>
			<key>developmentRegion</key>
			<string>English</string>
			<key>hasScannedForEncodings</key>
			<string>0</string>
			<key>isa</key>
			<string>PBXProject</string>
			<key>knownRegions</key>
			<array>
				<string>en</string>
				<string>Base</string>
			</array>
			<key>mainGroup</key>
			<string>4CDCAFA418B9A44400C379E9</string>
			<key>productRefGroup</key>
			<string>4CDCAFAE18B9A44400C379E9</string>
			<key>projectDirPath</key>
			<string></string>
			<key>projectReferences</key>
			<array/>
			<key>projectRoot</key>
			<string></string>
			<key>targets</key>
			<array>
				<string>4CDCAFAC18B9A44400C379E9</string>
				<string>4CDCAFCD18B9A44400C379E9</string>
			</array>
		</dict>
		<key>4CDCAFA818B9A44400C379E9</key>
		<dict>
			<key>buildConfigurations</key>
			<array>
				<string>4CDCAFDD18B9A44400C379E9</string>
				<string>4CDCAFDE18B9A44400C379E9</string>
			</array>
			<key>defaultConfigurationIsVisible</key>
			<string>0</string>
			<key>defaultConfigurationName</key>
			<string>Release</string>
			<key>isa</key>
			<string>XCConfigurationList</string>
		</dict>
		<key>4CDCAFA918B9A44400C379E9</key>
		<dict>
			<key>buildActionMask</key>
			<string>2147483647</string>
			<key>files</key>
			<array>
				<string>4CDCAFC118B9A44400C379E9</string>
				<string>4C7A870918BD29AB00C2375D</string>
				<string>4CDCAFBD18B9A44400C379E9</string>
				<string>4CC2EADD18BA65C000F359F8</string>
				<string>4CC2EAFE18BB032000F359F8</string>
				<string>4CC2EAE018BA6F1900F359F8</string>
				<string>4CC2EAEF18BA98DF00F359F8</string>
				<string>4CC2EAC418B9DC8700F359F8</string>
				<string>4CC2EAC718B9DD3F00F359F8</string>
			</array>
			<key>isa</key>
			<string>PBXSourcesBuildPhase</string>
			<key>runOnlyForDeploymentPostprocessing</key>
			<string>0</string>
		</dict>
		<key>4CDCAFAA18B9A44400C379E9</key>
		<dict>
			<key>buildActionMask</key>
			<string>2147483647</string>
			<key>files</key>
			<array>
				<string>4CDCAFB318B9A44400C379E9</string>
				<string>4CDCAFB518B9A44400C379E9</string>
				<string>4CDCAFB118B9A44400C379E9</string>
				<string>4E31320104DA409AA0D4CD66</string>
			</array>
			<key>isa</key>
			<string>PBXFrameworksBuildPhase</string>
			<key>runOnlyForDeploymentPostprocessing</key>
			<string>0</string>
		</dict>
		<key>4CDCAFAB18B9A44400C379E9</key>
		<dict>
			<key>buildActionMask</key>
			<string>2147483647</string>
			<key>files</key>
			<array>
				<string>4CC2EAD618B9E0B000F359F8</string>
				<string>4CC2EAD218B9E0B000F359F8</string>
				<string>4CC2EAD718B9E0B000F359F8</string>
				<string>4CC2EB0418BBAC4800F359F8</string>
				<string>4CC2EAD918B9E0B000F359F8</string>
				<string>4CDCAFC918B9A44400C379E9</string>
				<string>4CC2EB0218BBAC4800F359F8</string>
				<string>4CC2EAF318BA99A200F359F8</string>
				<string>4CC2EAF518BA99A200F359F8</string>
				<string>4CC2EADA18B9E0B000F359F8</string>
				<string>4C8F4E8819AFC03A00328882</string>
				<string>4CC2EB0318BBAC4800F359F8</string>
				<string>4CC2EAD418B9E0B000F359F8</string>
				<string>4CDCAFBB18B9A44400C379E9</string>
				<string>4CC2EAD818B9E0B000F359F8</string>
				<string>4CC2EAF418BA99A200F359F8</string>
				<string>4CC2EB0618BBBC8E00F359F8</string>
				<string>4CDCAFC418B9A44400C379E9</string>
				<string>4CC2EAD318B9E0B000F359F8</string>
				<string>4CC2EAD518B9E0B000F359F8</string>
			</array>
			<key>isa</key>
			<string>PBXResourcesBuildPhase</string>
			<key>runOnlyForDeploymentPostprocessing</key>
			<string>0</string>
		</dict>
		<key>4CDCAFAC18B9A44400C379E9</key>
		<dict>
			<key>buildConfigurationList</key>
			<string>4CDCAFDF18B9A44400C379E9</string>
			<key>buildPhases</key>
			<array>
				<string>4DEF1B08083C42E48E8E18A1</string>
				<string>4CDCAFA918B9A44400C379E9</string>
				<string>4CDCAFAA18B9A44400C379E9</string>
				<string>4CDCAFAB18B9A44400C379E9</string>
				<string>467FC71BAAF549F982C8C4D0</string>
			</array>
			<key>buildRules</key>
			<array/>
			<key>dependencies</key>
			<array/>
			<key>isa</key>
			<string>PBXNativeTarget</string>
			<key>name</key>
			<string>Wammer</string>
			<key>productName</key>
			<string>Wammer</string>
			<key>productReference</key>
			<string>4CDCAFAD18B9A44400C379E9</string>
			<key>productType</key>
			<string>com.apple.product-type.application</string>
		</dict>
		<key>4CDCAFAD18B9A44400C379E9</key>
		<dict>
			<key>explicitFileType</key>
			<string>wrapper.application</string>
			<key>includeInIndex</key>
			<string>0</string>
			<key>isa</key>
			<string>PBXFileReference</string>
			<key>path</key>
			<string>Wammer.app</string>
			<key>sourceTree</key>
			<string>BUILT_PRODUCTS_DIR</string>
		</dict>
		<key>4CDCAFAE18B9A44400C379E9</key>
		<dict>
			<key>children</key>
			<array>
				<string>4CDCAFAD18B9A44400C379E9</string>
				<string>4CDCAFCE18B9A44400C379E9</string>
			</array>
			<key>isa</key>
			<string>PBXGroup</string>
			<key>name</key>
			<string>Products</string>
			<key>sourceTree</key>
			<string>&lt;group&gt;</string>
		</dict>
		<key>4CDCAFAF18B9A44400C379E9</key>
		<dict>
			<key>children</key>
			<array>
				<string>4CDCAFB018B9A44400C379E9</string>
				<string>4CDCAFB218B9A44400C379E9</string>
				<string>4CDCAFB418B9A44400C379E9</string>
				<string>4CDCAFCF18B9A44400C379E9</string>
				<string>1C7A4B0BC0DF49B99B8C76EA</string>
			</array>
			<key>isa</key>
			<string>PBXGroup</string>
			<key>name</key>
			<string>Frameworks</string>
			<key>sourceTree</key>
			<string>&lt;group&gt;</string>
		</dict>
		<key>4CDCAFB018B9A44400C379E9</key>
		<dict>
			<key>isa</key>
			<string>PBXFileReference</string>
			<key>lastKnownFileType</key>
			<string>wrapper.framework</string>
			<key>name</key>
			<string>Foundation.framework</string>
			<key>path</key>
			<string>System/Library/Frameworks/Foundation.framework</string>
			<key>sourceTree</key>
			<string>SDKROOT</string>
		</dict>
		<key>4CDCAFB118B9A44400C379E9</key>
		<dict>
			<key>fileRef</key>
			<string>4CDCAFB018B9A44400C379E9</string>
			<key>isa</key>
			<string>PBXBuildFile</string>
		</dict>
		<key>4CDCAFB218B9A44400C379E9</key>
		<dict>
			<key>isa</key>
			<string>PBXFileReference</string>
			<key>lastKnownFileType</key>
			<string>wrapper.framework</string>
			<key>name</key>
			<string>CoreGraphics.framework</string>
			<key>path</key>
			<string>System/Library/Frameworks/CoreGraphics.framework</string>
			<key>sourceTree</key>
			<string>SDKROOT</string>
		</dict>
		<key>4CDCAFB318B9A44400C379E9</key>
		<dict>
			<key>fileRef</key>
			<string>4CDCAFB218B9A44400C379E9</string>
			<key>isa</key>
			<string>PBXBuildFile</string>
		</dict>
		<key>4CDCAFB418B9A44400C379E9</key>
		<dict>
			<key>isa</key>
			<string>PBXFileReference</string>
			<key>lastKnownFileType</key>
			<string>wrapper.framework</string>
			<key>name</key>
			<string>UIKit.framework</string>
			<key>path</key>
			<string>System/Library/Frameworks/UIKit.framework</string>
			<key>sourceTree</key>
			<string>SDKROOT</string>
		</dict>
		<key>4CDCAFB518B9A44400C379E9</key>
		<dict>
			<key>fileRef</key>
			<string>4CDCAFB418B9A44400C379E9</string>
			<key>isa</key>
			<string>PBXBuildFile</string>
		</dict>
		<key>4CDCAFB618B9A44400C379E9</key>
		<dict>
			<key>children</key>
			<array>
				<string>4C46319018BBD740003B3500</string>
				<string>4C46318F18BBD732003B3500</string>
				<string>4CDCAFB718B9A44400C379E9</string>
				<string>4CC2EAC818B9E0B000F359F8</string>
				<string>4CDCAFBF18B9A44400C379E9</string>
				<string>4CDCAFC018B9A44400C379E9</string>
				<string>4CDCAFC218B9A44400C379E9</string>
			</array>
			<key>isa</key>
			<string>PBXGroup</string>
			<key>path</key>
			<string>Wammer</string>
			<key>sourceTree</key>
			<string>&lt;group&gt;</string>
		</dict>
		<key>4CDCAFB718B9A44400C379E9</key>
		<dict>
			<key>children</key>
			<array>
				<string>4C8F4E8719AFC03A00328882</string>
				<string>4CDCAFB818B9A44400C379E9</string>
				<string>4CDCAFB918B9A44400C379E9</string>
				<string>4CDCAFBC18B9A44400C379E9</string>
				<string>4CDCAFBE18B9A44400C379E9</string>
			</array>
			<key>isa</key>
			<string>PBXGroup</string>
			<key>name</key>
			<string>Supporting Files</string>
			<key>sourceTree</key>
			<string>&lt;group&gt;</string>
		</dict>
		<key>4CDCAFB818B9A44400C379E9</key>
		<dict>
			<key>isa</key>
			<string>PBXFileReference</string>
			<key>lastKnownFileType</key>
			<string>text.plist.xml</string>
			<key>path</key>
			<string>Wammer-Info.plist</string>
			<key>sourceTree</key>
			<string>&lt;group&gt;</string>
		</dict>
		<key>4CDCAFB918B9A44400C379E9</key>
		<dict>
			<key>children</key>
			<array>
				<string>4CDCAFBA18B9A44400C379E9</string>
			</array>
			<key>isa</key>
			<string>PBXVariantGroup</string>
			<key>name</key>
			<string>InfoPlist.strings</string>
			<key>sourceTree</key>
			<string>&lt;group&gt;</string>
		</dict>
		<key>4CDCAFBA18B9A44400C379E9</key>
		<dict>
			<key>isa</key>
			<string>PBXFileReference</string>
			<key>lastKnownFileType</key>
			<string>text.plist.strings</string>
			<key>name</key>
			<string>en</string>
			<key>path</key>
			<string>en.lproj/InfoPlist.strings</string>
			<key>sourceTree</key>
			<string>&lt;group&gt;</string>
		</dict>
		<key>4CDCAFBB18B9A44400C379E9</key>
		<dict>
			<key>fileRef</key>
			<string>4CDCAFB918B9A44400C379E9</string>
			<key>isa</key>
			<string>PBXBuildFile</string>
		</dict>
		<key>4CDCAFBC18B9A44400C379E9</key>
		<dict>
			<key>isa</key>
			<string>PBXFileReference</string>
			<key>lastKnownFileType</key>
			<string>sourcecode.c.objc</string>
			<key>path</key>
			<string>main.m</string>
			<key>sourceTree</key>
			<string>&lt;group&gt;</string>
		</dict>
		<key>4CDCAFBD18B9A44400C379E9</key>
		<dict>
			<key>fileRef</key>
			<string>4CDCAFBC18B9A44400C379E9</string>
			<key>isa</key>
			<string>PBXBuildFile</string>
		</dict>
		<key>4CDCAFBE18B9A44400C379E9</key>
		<dict>
			<key>isa</key>
			<string>PBXFileReference</string>
			<key>lastKnownFileType</key>
			<string>sourcecode.c.h</string>
			<key>path</key>
			<string>Wammer-Prefix.pch</string>
			<key>sourceTree</key>
			<string>&lt;group&gt;</string>
		</dict>
		<key>4CDCAFBF18B9A44400C379E9</key>
		<dict>
			<key>isa</key>
			<string>PBXFileReference</string>
			<key>lastKnownFileType</key>
			<string>sourcecode.c.h</string>
			<key>path</key>
			<string>AppDelegate.h</string>
			<key>sourceTree</key>
			<string>&lt;group&gt;</string>
		</dict>
		<key>4CDCAFC018B9A44400C379E9</key>
		<dict>
			<key>isa</key>
			<string>PBXFileReference</string>
			<key>lastKnownFileType</key>
			<string>sourcecode.c.objc</string>
			<key>path</key>
			<string>AppDelegate.m</string>
			<key>sourceTree</key>
			<string>&lt;group&gt;</string>
		</dict>
		<key>4CDCAFC118B9A44400C379E9</key>
		<dict>
			<key>fileRef</key>
			<string>4CDCAFC018B9A44400C379E9</string>
			<key>isa</key>
			<string>PBXBuildFile</string>
		</dict>
		<key>4CDCAFC218B9A44400C379E9</key>
		<dict>
			<key>children</key>
			<array>
				<string>4CDCAFC318B9A44400C379E9</string>
			</array>
			<key>isa</key>
			<string>PBXVariantGroup</string>
			<key>name</key>
			<string>Main.storyboard</string>
			<key>sourceTree</key>
			<string>&lt;group&gt;</string>
		</dict>
		<key>4CDCAFC318B9A44400C379E9</key>
		<dict>
			<key>isa</key>
			<string>PBXFileReference</string>
			<key>lastKnownFileType</key>
			<string>file.storyboard</string>
			<key>name</key>
			<string>Base</string>
			<key>path</key>
			<string>Base.lproj/Main.storyboard</string>
			<key>sourceTree</key>
			<string>&lt;group&gt;</string>
		</dict>
		<key>4CDCAFC418B9A44400C379E9</key>
		<dict>
			<key>fileRef</key>
			<string>4CDCAFC218B9A44400C379E9</string>
			<key>isa</key>
			<string>PBXBuildFile</string>
		</dict>
		<key>4CDCAFC818B9A44400C379E9</key>
		<dict>
			<key>isa</key>
			<string>PBXFileReference</string>
			<key>lastKnownFileType</key>
			<string>folder.assetcatalog</string>
			<key>name</key>
			<string>Images.xcassets</string>
			<key>path</key>
			<string>../Images.xcassets</string>
			<key>sourceTree</key>
			<string>&lt;group&gt;</string>
		</dict>
		<key>4CDCAFC918B9A44400C379E9</key>
		<dict>
			<key>fileRef</key>
			<string>4CDCAFC818B9A44400C379E9</string>
			<key>isa</key>
			<string>PBXBuildFile</string>
		</dict>
		<key>4CDCAFCA18B9A44400C379E9</key>
		<dict>
			<key>buildActionMask</key>
			<string>2147483647</string>
			<key>files</key>
			<array>
				<string>4CDCAFDC18B9A44400C379E9</string>
			</array>
			<key>isa</key>
			<string>PBXSourcesBuildPhase</string>
			<key>runOnlyForDeploymentPostprocessing</key>
			<string>0</string>
		</dict>
		<key>4CDCAFCB18B9A44400C379E9</key>
		<dict>
			<key>buildActionMask</key>
			<string>2147483647</string>
			<key>files</key>
			<array>
				<string>4CDCAFD018B9A44400C379E9</string>
				<string>4CDCAFD218B9A44400C379E9</string>
				<string>4CDCAFD118B9A44400C379E9</string>
			</array>
			<key>isa</key>
			<string>PBXFrameworksBuildPhase</string>
			<key>runOnlyForDeploymentPostprocessing</key>
			<string>0</string>
		</dict>
		<key>4CDCAFCC18B9A44400C379E9</key>
		<dict>
			<key>buildActionMask</key>
			<string>2147483647</string>
			<key>files</key>
			<array>
				<string>4CDCAFDA18B9A44400C379E9</string>
			</array>
			<key>isa</key>
			<string>PBXResourcesBuildPhase</string>
			<key>runOnlyForDeploymentPostprocessing</key>
			<string>0</string>
		</dict>
		<key>4CDCAFCD18B9A44400C379E9</key>
		<dict>
			<key>buildConfigurationList</key>
			<string>4CDCAFE218B9A44400C379E9</string>
			<key>buildPhases</key>
			<array>
				<string>4CDCAFCA18B9A44400C379E9</string>
				<string>4CDCAFCB18B9A44400C379E9</string>
				<string>4CDCAFCC18B9A44400C379E9</string>
			</array>
			<key>buildRules</key>
			<array/>
			<key>dependencies</key>
			<array>
				<string>4CDCAFD418B9A44400C379E9</string>
			</array>
			<key>isa</key>
			<string>PBXNativeTarget</string>
			<key>name</key>
			<string>WammerTests</string>
			<key>productName</key>
			<string>WammerTests</string>
			<key>productReference</key>
			<string>4CDCAFCE18B9A44400C379E9</string>
			<key>productType</key>
			<string>com.apple.product-type.bundle.unit-test</string>
		</dict>
		<key>4CDCAFCE18B9A44400C379E9</key>
		<dict>
			<key>explicitFileType</key>
			<string>wrapper.cfbundle</string>
			<key>includeInIndex</key>
			<string>0</string>
			<key>isa</key>
			<string>PBXFileReference</string>
			<key>path</key>
			<string>WammerTests.xctest</string>
			<key>sourceTree</key>
			<string>BUILT_PRODUCTS_DIR</string>
		</dict>
		<key>4CDCAFCF18B9A44400C379E9</key>
		<dict>
			<key>isa</key>
			<string>PBXFileReference</string>
			<key>lastKnownFileType</key>
			<string>wrapper.framework</string>
			<key>name</key>
			<string>XCTest.framework</string>
			<key>path</key>
			<string>Library/Frameworks/XCTest.framework</string>
			<key>sourceTree</key>
			<string>DEVELOPER_DIR</string>
		</dict>
		<key>4CDCAFD018B9A44400C379E9</key>
		<dict>
			<key>fileRef</key>
			<string>4CDCAFCF18B9A44400C379E9</string>
			<key>isa</key>
			<string>PBXBuildFile</string>
		</dict>
		<key>4CDCAFD118B9A44400C379E9</key>
		<dict>
			<key>fileRef</key>
			<string>4CDCAFB018B9A44400C379E9</string>
			<key>isa</key>
			<string>PBXBuildFile</string>
		</dict>
		<key>4CDCAFD218B9A44400C379E9</key>
		<dict>
			<key>fileRef</key>
			<string>4CDCAFB418B9A44400C379E9</string>
			<key>isa</key>
			<string>PBXBuildFile</string>
		</dict>
		<key>4CDCAFD318B9A44400C379E9</key>
		<dict>
			<key>containerPortal</key>
			<string>4CDCAFA518B9A44400C379E9</string>
			<key>isa</key>
			<string>PBXContainerItemProxy</string>
			<key>proxyType</key>
			<string>1</string>
			<key>remoteGlobalIDString</key>
			<string>4CDCAFAC18B9A44400C379E9</string>
			<key>remoteInfo</key>
			<string>Wammer</string>
		</dict>
		<key>4CDCAFD418B9A44400C379E9</key>
		<dict>
			<key>isa</key>
			<string>PBXTargetDependency</string>
			<key>target</key>
			<string>4CDCAFAC18B9A44400C379E9</string>
			<key>targetProxy</key>
			<string>4CDCAFD318B9A44400C379E9</string>
		</dict>
		<key>4CDCAFD518B9A44400C379E9</key>
		<dict>
			<key>children</key>
			<array>
				<string>4CDCAFDB18B9A44400C379E9</string>
				<string>4CDCAFD618B9A44400C379E9</string>
			</array>
			<key>isa</key>
			<string>PBXGroup</string>
			<key>path</key>
			<string>WammerTests</string>
			<key>sourceTree</key>
			<string>&lt;group&gt;</string>
		</dict>
		<key>4CDCAFD618B9A44400C379E9</key>
		<dict>
			<key>children</key>
			<array>
				<string>4CDCAFD718B9A44400C379E9</string>
				<string>4CDCAFD818B9A44400C379E9</string>
			</array>
			<key>isa</key>
			<string>PBXGroup</string>
			<key>name</key>
			<string>Supporting Files</string>
			<key>sourceTree</key>
			<string>&lt;group&gt;</string>
		</dict>
		<key>4CDCAFD718B9A44400C379E9</key>
		<dict>
			<key>isa</key>
			<string>PBXFileReference</string>
			<key>lastKnownFileType</key>
			<string>text.plist.xml</string>
			<key>path</key>
			<string>WammerTests-Info.plist</string>
			<key>sourceTree</key>
			<string>&lt;group&gt;</string>
		</dict>
		<key>4CDCAFD818B9A44400C379E9</key>
		<dict>
			<key>children</key>
			<array>
				<string>4CDCAFD918B9A44400C379E9</string>
			</array>
			<key>isa</key>
			<string>PBXVariantGroup</string>
			<key>name</key>
			<string>InfoPlist.strings</string>
			<key>sourceTree</key>
			<string>&lt;group&gt;</string>
		</dict>
		<key>4CDCAFD918B9A44400C379E9</key>
		<dict>
			<key>isa</key>
			<string>PBXFileReference</string>
			<key>lastKnownFileType</key>
			<string>text.plist.strings</string>
			<key>name</key>
			<string>en</string>
			<key>path</key>
			<string>en.lproj/InfoPlist.strings</string>
			<key>sourceTree</key>
			<string>&lt;group&gt;</string>
		</dict>
		<key>4CDCAFDA18B9A44400C379E9</key>
		<dict>
			<key>fileRef</key>
			<string>4CDCAFD818B9A44400C379E9</string>
			<key>isa</key>
			<string>PBXBuildFile</string>
		</dict>
		<key>4CDCAFDB18B9A44400C379E9</key>
		<dict>
			<key>isa</key>
			<string>PBXFileReference</string>
			<key>lastKnownFileType</key>
			<string>sourcecode.c.objc</string>
			<key>path</key>
			<string>WammerTests.m</string>
			<key>sourceTree</key>
			<string>&lt;group&gt;</string>
		</dict>
		<key>4CDCAFDC18B9A44400C379E9</key>
		<dict>
			<key>fileRef</key>
			<string>4CDCAFDB18B9A44400C379E9</string>
			<key>isa</key>
			<string>PBXBuildFile</string>
		</dict>
		<key>4CDCAFDD18B9A44400C379E9</key>
		<dict>
			<key>buildSettings</key>
			<dict>
				<key>ALWAYS_SEARCH_USER_PATHS</key>
				<string>NO</string>
				<key>CLANG_CXX_LANGUAGE_STANDARD</key>
				<string>gnu++0x</string>
				<key>CLANG_CXX_LIBRARY</key>
				<string>libc++</string>
				<key>CLANG_ENABLE_MODULES</key>
				<string>YES</string>
				<key>CLANG_ENABLE_OBJC_ARC</key>
				<string>YES</string>
				<key>CLANG_WARN_BOOL_CONVERSION</key>
				<string>YES</string>
				<key>CLANG_WARN_CONSTANT_CONVERSION</key>
				<string>YES</string>
				<key>CLANG_WARN_DIRECT_OBJC_ISA_USAGE</key>
				<string>YES_ERROR</string>
				<key>CLANG_WARN_EMPTY_BODY</key>
				<string>YES</string>
				<key>CLANG_WARN_ENUM_CONVERSION</key>
				<string>YES</string>
				<key>CLANG_WARN_INT_CONVERSION</key>
				<string>YES</string>
				<key>CLANG_WARN_OBJC_ROOT_CLASS</key>
				<string>YES_ERROR</string>
				<key>CLANG_WARN__DUPLICATE_METHOD_MATCH</key>
				<string>YES</string>
				<key>CODE_SIGN_IDENTITY[sdk=iphoneos*]</key>
				<string>iPhone Developer</string>
				<key>COPY_PHASE_STRIP</key>
				<string>NO</string>
				<key>GCC_C_LANGUAGE_STANDARD</key>
				<string>gnu99</string>
				<key>GCC_DYNAMIC_NO_PIC</key>
				<string>NO</string>
				<key>GCC_OPTIMIZATION_LEVEL</key>
				<string>0</string>
				<key>GCC_PREPROCESSOR_DEFINITIONS</key>
				<array>
					<string>DEBUG=1</string>
					<string>$(inherited)</string>
				</array>
				<key>GCC_SYMBOLS_PRIVATE_EXTERN</key>
				<string>NO</string>
				<key>GCC_WARN_64_TO_32_BIT_CONVERSION</key>
				<string>YES</string>
				<key>GCC_WARN_ABOUT_RETURN_TYPE</key>
				<string>YES_ERROR</string>
				<key>GCC_WARN_UNDECLARED_SELECTOR</key>
				<string>YES</string>
				<key>GCC_WARN_UNINITIALIZED_AUTOS</key>
				<string>YES</string>
				<key>GCC_WARN_UNUSED_FUNCTION</key>
				<string>YES</string>
				<key>GCC_WARN_UNUSED_VARIABLE</key>
				<string>YES</string>
				<key>IPHONEOS_DEPLOYMENT_TARGET</key>
				<string>7.0</string>
				<key>ONLY_ACTIVE_ARCH</key>
				<string>YES</string>
				<key>SDKROOT</key>
				<string>iphoneos</string>
			</dict>
			<key>isa</key>
			<string>XCBuildConfiguration</string>
			<key>name</key>
			<string>Debug</string>
		</dict>
		<key>4CDCAFDE18B9A44400C379E9</key>
		<dict>
			<key>buildSettings</key>
			<dict>
				<key>ALWAYS_SEARCH_USER_PATHS</key>
				<string>NO</string>
				<key>CLANG_CXX_LANGUAGE_STANDARD</key>
				<string>gnu++0x</string>
				<key>CLANG_CXX_LIBRARY</key>
				<string>libc++</string>
				<key>CLANG_ENABLE_MODULES</key>
				<string>YES</string>
				<key>CLANG_ENABLE_OBJC_ARC</key>
				<string>YES</string>
				<key>CLANG_WARN_BOOL_CONVERSION</key>
				<string>YES</string>
				<key>CLANG_WARN_CONSTANT_CONVERSION</key>
				<string>YES</string>
				<key>CLANG_WARN_DIRECT_OBJC_ISA_USAGE</key>
				<string>YES_ERROR</string>
				<key>CLANG_WARN_EMPTY_BODY</key>
				<string>YES</string>
				<key>CLANG_WARN_ENUM_CONVERSION</key>
				<string>YES</string>
				<key>CLANG_WARN_INT_CONVERSION</key>
				<string>YES</string>
				<key>CLANG_WARN_OBJC_ROOT_CLASS</key>
				<string>YES_ERROR</string>
				<key>CLANG_WARN__DUPLICATE_METHOD_MATCH</key>
				<string>YES</string>
				<key>CODE_SIGN_IDENTITY</key>
				<string>iPhone Distribution: MobTouch Inc (SHZ47SPEXT)</string>
				<key>CODE_SIGN_IDENTITY[sdk=iphoneos*]</key>
				<string>iPhone Distribution: MobTouch Inc (SHZ47SPEXT)</string>
				<key>COPY_PHASE_STRIP</key>
				<string>YES</string>
				<key>ENABLE_NS_ASSERTIONS</key>
				<string>NO</string>
				<key>GCC_C_LANGUAGE_STANDARD</key>
				<string>gnu99</string>
				<key>GCC_WARN_64_TO_32_BIT_CONVERSION</key>
				<string>YES</string>
				<key>GCC_WARN_ABOUT_RETURN_TYPE</key>
				<string>YES_ERROR</string>
				<key>GCC_WARN_UNDECLARED_SELECTOR</key>
				<string>YES</string>
				<key>GCC_WARN_UNINITIALIZED_AUTOS</key>
				<string>YES</string>
				<key>GCC_WARN_UNUSED_FUNCTION</key>
				<string>YES</string>
				<key>GCC_WARN_UNUSED_VARIABLE</key>
				<string>YES</string>
				<key>IPHONEOS_DEPLOYMENT_TARGET</key>
				<string>7.0</string>
				<key>SDKROOT</key>
				<string>iphoneos</string>
				<key>VALIDATE_PRODUCT</key>
				<string>YES</string>
			</dict>
			<key>isa</key>
			<string>XCBuildConfiguration</string>
			<key>name</key>
			<string>Release</string>
		</dict>
		<key>4CDCAFDF18B9A44400C379E9</key>
		<dict>
			<key>buildConfigurations</key>
			<array>
				<string>4CDCAFE018B9A44400C379E9</string>
				<string>4CDCAFE118B9A44400C379E9</string>
			</array>
			<key>defaultConfigurationIsVisible</key>
			<string>0</string>
			<key>defaultConfigurationName</key>
			<string>Release</string>
			<key>isa</key>
			<string>XCConfigurationList</string>
		</dict>
		<key>4CDCAFE018B9A44400C379E9</key>
		<dict>
			<key>baseConfigurationReference</key>
			<string>D2BF0A15F42D8E6F5AAB81C1</string>
			<key>buildSettings</key>
			<dict>
				<key>ASSETCATALOG_COMPILER_APPICON_NAME</key>
				<string>AppIcon</string>
				<key>ASSETCATALOG_COMPILER_LAUNCHIMAGE_NAME</key>
				<string>LaunchImage</string>
				<key>GCC_PRECOMPILE_PREFIX_HEADER</key>
				<string>YES</string>
				<key>GCC_PREFIX_HEADER</key>
				<string>Wammer/Wammer-Prefix.pch</string>
				<key>INFOPLIST_FILE</key>
				<string>Wammer/Wammer-Info.plist</string>
				<key>PRODUCT_NAME</key>
				<string>$(TARGET_NAME)</string>
				<key>WRAPPER_EXTENSION</key>
				<string>app</string>
			</dict>
			<key>isa</key>
			<string>XCBuildConfiguration</string>
			<key>name</key>
			<string>Debug</string>
		</dict>
		<key>4CDCAFE118B9A44400C379E9</key>
		<dict>
			<key>baseConfigurationReference</key>
			<string>31067AD0F440D4F69E0AB87C</string>
			<key>buildSettings</key>
			<dict>
				<key>ASSETCATALOG_COMPILER_APPICON_NAME</key>
				<string>AppIcon</string>
				<key>ASSETCATALOG_COMPILER_LAUNCHIMAGE_NAME</key>
				<string>LaunchImage</string>
				<key>GCC_PRECOMPILE_PREFIX_HEADER</key>
				<string>YES</string>
				<key>GCC_PREFIX_HEADER</key>
				<string>Wammer/Wammer-Prefix.pch</string>
				<key>INFOPLIST_FILE</key>
				<string>Wammer/Wammer-Info.plist</string>
				<key>PRODUCT_NAME</key>
				<string>$(TARGET_NAME)</string>
				<key>WRAPPER_EXTENSION</key>
				<string>app</string>
			</dict>
			<key>isa</key>
			<string>XCBuildConfiguration</string>
			<key>name</key>
			<string>Release</string>
		</dict>
		<key>4CDCAFE218B9A44400C379E9</key>
		<dict>
			<key>buildConfigurations</key>
			<array>
				<string>4CDCAFE318B9A44400C379E9</string>
				<string>4CDCAFE418B9A44400C379E9</string>
			</array>
			<key>defaultConfigurationIsVisible</key>
			<string>0</string>
			<key>defaultConfigurationName</key>
			<string>Release</string>
			<key>isa</key>
			<string>XCConfigurationList</string>
		</dict>
		<key>4CDCAFE318B9A44400C379E9</key>
		<dict>
			<key>buildSettings</key>
			<dict>
				<key>BUNDLE_LOADER</key>
				<string>$(BUILT_PRODUCTS_DIR)/Wammer.app/Wammer</string>
				<key>FRAMEWORK_SEARCH_PATHS</key>
				<array>
					<string>$(SDKROOT)/Developer/Library/Frameworks</string>
					<string>$(inherited)</string>
					<string>$(DEVELOPER_FRAMEWORKS_DIR)</string>
				</array>
				<key>GCC_PRECOMPILE_PREFIX_HEADER</key>
				<string>YES</string>
				<key>GCC_PREFIX_HEADER</key>
				<string>Wammer/Wammer-Prefix.pch</string>
				<key>GCC_PREPROCESSOR_DEFINITIONS</key>
				<array>
					<string>DEBUG=1</string>
					<string>$(inherited)</string>
				</array>
				<key>INFOPLIST_FILE</key>
				<string>WammerTests/WammerTests-Info.plist</string>
				<key>PRODUCT_NAME</key>
				<string>$(TARGET_NAME)</string>
				<key>TEST_HOST</key>
				<string>$(BUNDLE_LOADER)</string>
				<key>WRAPPER_EXTENSION</key>
				<string>xctest</string>
			</dict>
			<key>isa</key>
			<string>XCBuildConfiguration</string>
			<key>name</key>
			<string>Debug</string>
		</dict>
		<key>4CDCAFE418B9A44400C379E9</key>
		<dict>
			<key>buildSettings</key>
			<dict>
				<key>BUNDLE_LOADER</key>
				<string>$(BUILT_PRODUCTS_DIR)/Wammer.app/Wammer</string>
				<key>FRAMEWORK_SEARCH_PATHS</key>
				<array>
					<string>$(SDKROOT)/Developer/Library/Frameworks</string>
					<string>$(inherited)</string>
					<string>$(DEVELOPER_FRAMEWORKS_DIR)</string>
				</array>
				<key>GCC_PRECOMPILE_PREFIX_HEADER</key>
				<string>YES</string>
				<key>GCC_PREFIX_HEADER</key>
				<string>Wammer/Wammer-Prefix.pch</string>
				<key>INFOPLIST_FILE</key>
				<string>WammerTests/WammerTests-Info.plist</string>
				<key>PRODUCT_NAME</key>
				<string>$(TARGET_NAME)</string>
				<key>TEST_HOST</key>
				<string>$(BUNDLE_LOADER)</string>
				<key>WRAPPER_EXTENSION</key>
				<string>xctest</string>
			</dict>
			<key>isa</key>
			<string>XCBuildConfiguration</string>
			<key>name</key>
			<string>Release</string>
		</dict>
		<key>4DEF1B08083C42E48E8E18A1</key>
		<dict>
			<key>buildActionMask</key>
			<string>2147483647</string>
			<key>files</key>
			<array/>
			<key>inputPaths</key>
			<array/>
			<key>isa</key>
			<string>PBXShellScriptBuildPhase</string>
			<key>name</key>
			<string>Check Pods Manifest.lock</string>
			<key>outputPaths</key>
			<array/>
			<key>runOnlyForDeploymentPostprocessing</key>
			<string>0</string>
			<key>shellPath</key>
			<string>/bin/sh</string>
			<key>shellScript</key>
			<string>diff "${PODS_ROOT}/../Podfile.lock" "${PODS_ROOT}/Manifest.lock" &gt; /dev/null
if [[ $? != 0 ]] ; then
    cat &lt;&lt; EOM
error: The sandbox is not in sync with the Podfile.lock. Run 'pod install' or update your CocoaPods installation.
EOM
    exit 1
fi
</string>
			<key>showEnvVarsInLog</key>
			<string>0</string>
		</dict>
		<key>4E31320104DA409AA0D4CD66</key>
		<dict>
			<key>fileRef</key>
			<string>1C7A4B0BC0DF49B99B8C76EA</string>
			<key>isa</key>
			<string>PBXBuildFile</string>
		</dict>
		<key>A3768FA2098A94A576D392C3</key>
		<dict>
			<key>children</key>
			<array>
				<string>D2BF0A15F42D8E6F5AAB81C1</string>
				<string>31067AD0F440D4F69E0AB87C</string>
			</array>
			<key>isa</key>
			<string>PBXGroup</string>
			<key>name</key>
			<string>Pods</string>
			<key>sourceTree</key>
			<string>&lt;group&gt;</string>
		</dict>
		<key>D2BF0A15F42D8E6F5AAB81C1</key>
		<dict>
			<key>includeInIndex</key>
			<string>1</string>
			<key>isa</key>
			<string>PBXFileReference</string>
			<key>lastKnownFileType</key>
			<string>text.xcconfig</string>
			<key>name</key>
			<string>Pods-Wammer.debug.xcconfig</string>
			<key>path</key>
			<string>Pods/Target Support Files/Pods-Wammer/Pods-Wammer.debug.xcconfig</string>
			<key>sourceTree</key>
			<string>&lt;group&gt;</string>
		</dict>
	</dict>
	<key>rootObject</key>
	<string>4CDCAFA518B9A44400C379E9</string>
</dict>
</plist>
